
Microsoft Visual Studio Solution File, Format Version 12.00
# Visual Studio Version 17
VisualStudioVersion = 17.0.32014.148
MinimumVisualStudioVersion = 10.0.40219.1
Project("{9A19103F-16F7-4668-BE54-9A1E7A4F7556}") = "Core", "Core\Core.csproj", "{CCD03F8F-6C51-48E5-A89B-82F4F2D245EF}"
EndProject
Project("{9A19103F-16F7-4668-BE54-9A1E7A4F7556}") = "DataAccess", "DataAccess\DataAccess.csproj", "{37D6989D-3AA2-4E68-832D-01AE3610EAAB}"
EndProject
Project("{FAE04EC0-301F-11D3-BF4B-00C04F79EFBC}") = "UI", "UI\UI.csproj", "{0BD118D7-606B-48AD-BAD0-08B09E4C1977}"
EndProject
Global
	GlobalSection(SolutionConfigurationPlatforms) = preSolution
		Debug|Any CPU = Debug|Any CPU
		Debug|x86 = Debug|x86
		Release|Any CPU = Release|Any CPU
		Release|x86 = Release|x86
	EndGlobalSection
	GlobalSection(ProjectConfigurationPlatforms) = postSolution
		{CCD03F8F-6C51-48E5-A89B-82F4F2D245EF}.Debug|Any CPU.ActiveCfg = Debug|Any CPU
		{CCD03F8F-6C51-48E5-A89B-82F4F2D245EF}.Debug|Any CPU.Build.0 = Debug|Any CPU
		{CCD03F8F-6C51-48E5-A89B-82F4F2D245EF}.Debug|x86.ActiveCfg = Debug|Any CPU
		{CCD03F8F-6C51-48E5-A89B-82F4F2D245EF}.Debug|x86.Build.0 = Debug|Any CPU
		{CCD03F8F-6C51-48E5-A89B-82F4F2D245EF}.Release|Any CPU.ActiveCfg = Release|Any CPU
		{CCD03F8F-6C51-48E5-A89B-82F4F2D245EF}.Release|Any CPU.Build.0 = Release|Any CPU
		{CCD03F8F-6C51-48E5-A89B-82F4F2D245EF}.Release|x86.ActiveCfg = Release|Any CPU
		{CCD03F8F-6C51-48E5-A89B-82F4F2D245EF}.Release|x86.Build.0 = Release|Any CPU
		{37D6989D-3AA2-4E68-832D-01AE3610EAAB}.Debug|Any CPU.ActiveCfg = Debug|Any CPU
		{37D6989D-3AA2-4E68-832D-01AE3610EAAB}.Debug|Any CPU.Build.0 = Debug|Any CPU
		{37D6989D-3AA2-4E68-832D-01AE3610EAAB}.Debug|x86.ActiveCfg = Debug|Any CPU
		{37D6989D-3AA2-4E68-832D-01AE3610EAAB}.Debug|x86.Build.0 = Debug|Any CPU
		{37D6989D-3AA2-4E68-832D-01AE3610EAAB}.Release|Any CPU.ActiveCfg = Release|Any CPU
		{37D6989D-3AA2-4E68-832D-01AE3610EAAB}.Release|Any CPU.Build.0 = Release|Any CPU
		{37D6989D-3AA2-4E68-832D-01AE3610EAAB}.Release|x86.ActiveCfg = Release|Any CPU
		{37D6989D-3AA2-4E68-832D-01AE3610EAAB}.Release|x86.Build.0 = Release|Any CPU
		{0BD118D7-606B-48AD-BAD0-08B09E4C1977}.Debug|Any CPU.ActiveCfg = Debug|Any CPU
		{0BD118D7-606B-48AD-BAD0-08B09E4C1977}.Debug|Any CPU.Build.0 = Debug|Any CPU
		{0BD118D7-606B-48AD-BAD0-08B09E4C1977}.Debug|x86.ActiveCfg = Debug|Any CPU
		{0BD118D7-606B-48AD-BAD0-08B09E4C1977}.Debug|x86.Build.0 = Debug|Any CPU
		{0BD118D7-606B-48AD-BAD0-08B09E4C1977}.Release|Any CPU.ActiveCfg = Release|Any CPU
		{0BD118D7-606B-48AD-BAD0-08B09E4C1977}.Release|Any CPU.Build.0 = Release|Any CPU
		{0BD118D7-606B-48AD-BAD0-08B09E4C1977}.Release|x86.ActiveCfg = Release|Any CPU
		{0BD118D7-606B-48AD-BAD0-08B09E4C1977}.Release|x86.Build.0 = Release|Any CPU
	EndGlobalSection
	GlobalSection(SolutionProperties) = preSolution
		HideSolutionNode = FALSE
	EndGlobalSection
	GlobalSection(ExtensibilityGlobals) = postSolution
		SolutionGuid = {5B56EC10-80CD-4D65-9462-844F0630EACB}
	EndGlobalSection
EndGlobal
